
Microsoft Visual Studio Solution File, Format Version 12.00
# Visual Studio 15
VisualStudioVersion = 15.0.27130.2003
MinimumVisualStudioVersion = 10.0.40219.1
Project("{FAE04EC0-301F-11D3-BF4B-00C04F79EFBC}") = "Calculate Probabilities", "Calculate Probabilities\Calculate Probabilities.csproj", "{FD26935A-CD5B-4AAA-8D61-53CC4F0C124C}"
EndProject
Global
	GlobalSection(SolutionConfigurationPlatforms) = preSolution
		Debug|Any CPU = Debug|Any CPU
		Release|Any CPU = Release|Any CPU
	EndGlobalSection
	GlobalSection(ProjectConfigurationPlatforms) = postSolution
		{FD26935A-CD5B-4AAA-8D61-53CC4F0C124C}.Debug|Any CPU.ActiveCfg = Debug|Any CPU
		{FD26935A-CD5B-4AAA-8D61-53CC4F0C124C}.Debug|Any CPU.Build.0 = Debug|Any CPU
		{FD26935A-CD5B-4AAA-8D61-53CC4F0C124C}.Release|Any CPU.ActiveCfg = Release|Any CPU
		{FD26935A-CD5B-4AAA-8D61-53CC4F0C124C}.Release|Any CPU.Build.0 = Release|Any CPU
	EndGlobalSection
	GlobalSection(SolutionProperties) = preSolution
		HideSolutionNode = FALSE
	EndGlobalSection
	GlobalSection(ExtensibilityGlobals) = postSolution
		SolutionGuid = {3AB58399-7279-4BDA-8B17-FCBD00610CF7}
	EndGlobalSection
EndGlobal
